
Microsoft Visual Studio Solution File, Format Version 12.00
# Visual Studio Version 17
VisualStudioVersion = 17.1.32210.238
MinimumVisualStudioVersion = 10.0.40219.1
Project("{9A19103F-16F7-4668-BE54-9A1E7A4F7556}") = "FizzBizz", "FizzBizz\FizzBizz.csproj", "{B7529FDF-CF8B-4E8D-A179-180C633958AD}"
EndProject
Project("{FAE04EC0-301F-11D3-BF4B-00C04F79EFBC}") = "FizzBuzzTest", "FizzBuzzTest\FizzBuzzTest.csproj", "{267B5A64-5832-4FF3-80DB-95AE3F57072F}"
EndProject
Global
	GlobalSection(SolutionConfigurationPlatforms) = preSolution
		Debug|Any CPU = Debug|Any CPU
		Release|Any CPU = Release|Any CPU
	EndGlobalSection
	GlobalSection(ProjectConfigurationPlatforms) = postSolution
		{B7529FDF-CF8B-4E8D-A179-180C633958AD}.Debug|Any CPU.ActiveCfg = Debug|Any CPU
		{B7529FDF-CF8B-4E8D-A179-180C633958AD}.Debug|Any CPU.Build.0 = Debug|Any CPU
		{B7529FDF-CF8B-4E8D-A179-180C633958AD}.Release|Any CPU.ActiveCfg = Release|Any CPU
		{B7529FDF-CF8B-4E8D-A179-180C633958AD}.Release|Any CPU.Build.0 = Release|Any CPU
		{267B5A64-5832-4FF3-80DB-95AE3F57072F}.Debug|Any CPU.ActiveCfg = Debug|Any CPU
		{267B5A64-5832-4FF3-80DB-95AE3F57072F}.Debug|Any CPU.Build.0 = Debug|Any CPU
		{267B5A64-5832-4FF3-80DB-95AE3F57072F}.Release|Any CPU.ActiveCfg = Release|Any CPU
		{267B5A64-5832-4FF3-80DB-95AE3F57072F}.Release|Any CPU.Build.0 = Release|Any CPU
	EndGlobalSection
	GlobalSection(SolutionProperties) = preSolution
		HideSolutionNode = FALSE
	EndGlobalSection
	GlobalSection(ExtensibilityGlobals) = postSolution
		SolutionGuid = {07DD81A0-2B2A-44C9-8D4E-6FB10AC0F3BC}
	EndGlobalSection
EndGlobal
